
Microsoft Visual Studio Solution File, Format Version 12.00
# Visual Studio Version 17
VisualStudioVersion = 17.14.36518.9 d17.14
MinimumVisualStudioVersion = 10.0.40219.1
Project("{FAE04EC0-301F-11D3-BF4B-00C04F79EFBC}") = "OtexumPulse", "OtexumPulse.csproj", "{30611261-8689-4A6C-A99B-F7AE7A19BB7C}"
EndProject
Global
	GlobalSection(SolutionConfigurationPlatforms) = preSolution
		Debug|Any CPU = Debug|Any CPU
		Release|Any CPU = Release|Any CPU
	EndGlobalSection
	GlobalSection(ProjectConfigurationPlatforms) = postSolution
		{30611261-8689-4A6C-A99B-F7AE7A19BB7C}.Debug|Any CPU.ActiveCfg = Debug|Any CPU
		{30611261-8689-4A6C-A99B-F7AE7A19BB7C}.Debug|Any CPU.Build.0 = Debug|Any CPU
		{30611261-8689-4A6C-A99B-F7AE7A19BB7C}.Release|Any CPU.ActiveCfg = Release|Any CPU
		{30611261-8689-4A6C-A99B-F7AE7A19BB7C}.Release|Any CPU.Build.0 = Release|Any CPU
	EndGlobalSection
	GlobalSection(SolutionProperties) = preSolution
		HideSolutionNode = FALSE
	EndGlobalSection
	GlobalSection(ExtensibilityGlobals) = postSolution
		SolutionGuid = {1C32ACB3-0BBC-4227-99CB-0809B7F26F1A}
	EndGlobalSection
EndGlobal
